
Microsoft Visual Studio Solution File, Format Version 12.00
# Visual Studio Version 17
VisualStudioVersion = 17.9.34728.123
MinimumVisualStudioVersion = 10.0.40219.1
Project("{FAE04EC0-301F-11D3-BF4B-00C04F79EFBC}") = "DreamDazzles.API", "DreamDazzles.API\DreamDazzles.API.csproj", "{61F6B29E-903C-4CB0-BAD6-5E809C31CB4E}"
EndProject
Project("{FAE04EC0-301F-11D3-BF4B-00C04F79EFBC}") = "DreamDazzles.Service", "DreamDazzles.Service\DreamDazzles.Service.csproj", "{E7C56162-38B2-415C-969E-52F80605B6FB}"
EndProject
Project("{FAE04EC0-301F-11D3-BF4B-00C04F79EFBC}") = "DreamDazzle.Model", "DreamDazzle.Model\DreamDazzle.Model.csproj", "{C93704A8-C051-44F0-812C-C9E0498833B9}"
EndProject
Project("{FAE04EC0-301F-11D3-BF4B-00C04F79EFBC}") = "DreamDazzles.DTO", "DreamDazzles.DTO\DreamDazzles.DTO.csproj", "{1B119AA7-302B-4A50-AEB3-A275125D8F05}"
EndProject
Project("{FAE04EC0-301F-11D3-BF4B-00C04F79EFBC}") = "DreamDazzles.Repository", "DreamDazzles.Repository\DreamDazzles.Repository.csproj", "{3A3C1030-A705-4522-B789-F28E4F9CB03F}"
EndProject
Global
	GlobalSection(SolutionConfigurationPlatforms) = preSolution
		Debug|Any CPU = Debug|Any CPU
		Release|Any CPU = Release|Any CPU
	EndGlobalSection
	GlobalSection(ProjectConfigurationPlatforms) = postSolution
		{61F6B29E-903C-4CB0-BAD6-5E809C31CB4E}.Debug|Any CPU.ActiveCfg = Debug|Any CPU
		{61F6B29E-903C-4CB0-BAD6-5E809C31CB4E}.Debug|Any CPU.Build.0 = Debug|Any CPU
		{61F6B29E-903C-4CB0-BAD6-5E809C31CB4E}.Release|Any CPU.ActiveCfg = Release|Any CPU
		{61F6B29E-903C-4CB0-BAD6-5E809C31CB4E}.Release|Any CPU.Build.0 = Release|Any CPU
		{E7C56162-38B2-415C-969E-52F80605B6FB}.Debug|Any CPU.ActiveCfg = Debug|Any CPU
		{E7C56162-38B2-415C-969E-52F80605B6FB}.Debug|Any CPU.Build.0 = Debug|Any CPU
		{E7C56162-38B2-415C-969E-52F80605B6FB}.Release|Any CPU.ActiveCfg = Release|Any CPU
		{E7C56162-38B2-415C-969E-52F80605B6FB}.Release|Any CPU.Build.0 = Release|Any CPU
		{C93704A8-C051-44F0-812C-C9E0498833B9}.Debug|Any CPU.ActiveCfg = Debug|Any CPU
		{C93704A8-C051-44F0-812C-C9E0498833B9}.Debug|Any CPU.Build.0 = Debug|Any CPU
		{C93704A8-C051-44F0-812C-C9E0498833B9}.Release|Any CPU.ActiveCfg = Release|Any CPU
		{C93704A8-C051-44F0-812C-C9E0498833B9}.Release|Any CPU.Build.0 = Release|Any CPU
		{1B119AA7-302B-4A50-AEB3-A275125D8F05}.Debug|Any CPU.ActiveCfg = Debug|Any CPU
		{1B119AA7-302B-4A50-AEB3-A275125D8F05}.Debug|Any CPU.Build.0 = Debug|Any CPU
		{1B119AA7-302B-4A50-AEB3-A275125D8F05}.Release|Any CPU.ActiveCfg = Release|Any CPU
		{1B119AA7-302B-4A50-AEB3-A275125D8F05}.Release|Any CPU.Build.0 = Release|Any CPU
		{3A3C1030-A705-4522-B789-F28E4F9CB03F}.Debug|Any CPU.ActiveCfg = Debug|Any CPU
		{3A3C1030-A705-4522-B789-F28E4F9CB03F}.Debug|Any CPU.Build.0 = Debug|Any CPU
		{3A3C1030-A705-4522-B789-F28E4F9CB03F}.Release|Any CPU.ActiveCfg = Release|Any CPU
		{3A3C1030-A705-4522-B789-F28E4F9CB03F}.Release|Any CPU.Build.0 = Release|Any CPU
	EndGlobalSection
	GlobalSection(SolutionProperties) = preSolution
		HideSolutionNode = FALSE
	EndGlobalSection
	GlobalSection(ExtensibilityGlobals) = postSolution
		SolutionGuid = {A40AE5FE-03E4-4AC7-BE2B-F38ED6136E9B}
	EndGlobalSection
EndGlobal
